{
	"name": "@pallad/config",
	"version": "3.0.0",
	"lockfileVersion": 2,
	"requires": true,
	"packages": {
		"": {
			"name": "@pallad/config",
			"version": "2.0.1",
			"license": "MIT",
			"dependencies": {
				"@sweet-monads/either": "^3",
				"@sweet-monads/maybe": "^3",
				"alpha-errors": "^0.4.0",
				"predicates": "^2.0.3",
				"tslib": "^2",
				"yn": "^4.0.0"
			}
		},
		"node_modules/@pallad/builder": {
			"version": "1.0.1",
			"resolved": "https://registry.npmjs.org/@pallad/builder/-/builder-1.0.1.tgz",
			"integrity": "sha512-0P0vZ19MdS00BoSrFD8BOdTc+WEIHqp6E0x7XADj3yS+fsUEblJib2l8eAaaIkRKO7qZBQeC3zk+EODhpkZ3+w=="
		},
		"node_modules/@sweet-monads/either": {
			"version": "3.1.0",
			"resolved": "https://registry.npmjs.org/@sweet-monads/either/-/either-3.1.0.tgz",
			"integrity": "sha512-GiKUqzwj2602FCJo+sFMYyuo8OS1rmknSLRSJmjvnKqkyo+OXEqAhw9tAASH/SvCC7OC7IEEUvarocWMuB9pdg==",
			"dependencies": {
				"@sweet-monads/interfaces": "^3.1.0"
			}
		},
		"node_modules/@sweet-monads/interfaces": {
			"version": "3.1.0",
			"resolved": "https://registry.npmjs.org/@sweet-monads/interfaces/-/interfaces-3.1.0.tgz",
			"integrity": "sha512-/65uh95U8yWmnVQVQWPh6v49vTDomXYttDJot86JOpWjP2gpStnPX02uTH/WMla0vfGb5KP7mFZMKUvom/QqkA=="
		},
		"node_modules/@sweet-monads/maybe": {
			"version": "3.1.0",
			"resolved": "https://registry.npmjs.org/@sweet-monads/maybe/-/maybe-3.1.0.tgz",
			"integrity": "sha512-Gsq7bY0CWHjKCErWuCruBaqnRAHYDe5Ae2xgFevHM7CJmDA+dBD3s9ChMZs5DPT8hjyFOQgO5BPU/VhnkjqV0Q==",
			"dependencies": {
				"@sweet-monads/interfaces": "^3.1.0"
			}
		},
		"node_modules/alpha-errors": {
			"version": "0.4.0",
			"resolved": "https://registry.npmjs.org/alpha-errors/-/alpha-errors-0.4.0.tgz",
			"integrity": "sha512-5wPqDzK6AuSVFWIy5wI8UQDziDiSX/LIOf50kvwJUseiXGAL7d3bTlgwQokC8BF0l8OiwKHCeQjj4CQf1EfUAQ==",
			"dependencies": {
				"@pallad/builder": "^1.0.1"
			}
		},
		"node_modules/array-find": {
			"version": "1.0.0",
			"resolved": "https://registry.npmjs.org/array-find/-/array-find-1.0.0.tgz",
			"integrity": "sha512-kO/vVCacW9mnpn3WPWbTVlEnOabK2L7LWi2HViURtCM46y1zb6I8UMjx4LgbiqadTgHnLInUronwn3ampNTJtQ=="
		},
		"node_modules/predicates": {
			"version": "2.0.3",
			"resolved": "https://registry.npmjs.org/predicates/-/predicates-2.0.3.tgz",
			"integrity": "sha512-eL+bhIiWrD+kx/olyYBcAFn258Oo9MTB7iehgBIaflVS8DBLuVtQvOpwgWwlya6YFUIiKaVoA3HaBNJuVNcyIA==",
			"dependencies": {
				"array-find": "^1.0.0"
			},
			"engines": {
				"node": ">=4.3"
			}
		},
		"node_modules/tslib": {
			"version": "2.4.1",
			"resolved": "https://registry.npmjs.org/tslib/-/tslib-2.4.1.tgz",
			"integrity": "sha512-tGyy4dAjRIEwI7BzsB0lynWgOpfqjUdq91XXAlIWD2OwKBH7oCl/GZG/HT4BOHrTlPMOASlMQ7veyTqpmRcrNA=="
		},
		"node_modules/yn": {
			"version": "4.0.0",
			"resolved": "https://registry.npmjs.org/yn/-/yn-4.0.0.tgz",
			"integrity": "sha512-huWiiCS4TxKc4SfgmTwW1K7JmXPPAmuXWYy4j9qjQo4+27Kni8mGhAAi1cloRWmBe2EqcLgt3IGqQoRL/MtPgg==",
			"engines": {
				"node": ">=10"
			}
		}
	},
	"dependencies": {
		"@pallad/builder": {
			"version": "1.0.1",
			"resolved": "https://registry.npmjs.org/@pallad/builder/-/builder-1.0.1.tgz",
			"integrity": "sha512-0P0vZ19MdS00BoSrFD8BOdTc+WEIHqp6E0x7XADj3yS+fsUEblJib2l8eAaaIkRKO7qZBQeC3zk+EODhpkZ3+w=="
		},
		"@sweet-monads/either": {
			"version": "3.1.0",
			"resolved": "https://registry.npmjs.org/@sweet-monads/either/-/either-3.1.0.tgz",
			"integrity": "sha512-GiKUqzwj2602FCJo+sFMYyuo8OS1rmknSLRSJmjvnKqkyo+OXEqAhw9tAASH/SvCC7OC7IEEUvarocWMuB9pdg==",
			"requires": {
				"@sweet-monads/interfaces": "^3.1.0"
			}
		},
		"@sweet-monads/interfaces": {
			"version": "3.1.0",
			"resolved": "https://registry.npmjs.org/@sweet-monads/interfaces/-/interfaces-3.1.0.tgz",
			"integrity": "sha512-/65uh95U8yWmnVQVQWPh6v49vTDomXYttDJot86JOpWjP2gpStnPX02uTH/WMla0vfGb5KP7mFZMKUvom/QqkA=="
		},
		"@sweet-monads/maybe": {
			"version": "3.1.0",
			"resolved": "https://registry.npmjs.org/@sweet-monads/maybe/-/maybe-3.1.0.tgz",
			"integrity": "sha512-Gsq7bY0CWHjKCErWuCruBaqnRAHYDe5Ae2xgFevHM7CJmDA+dBD3s9ChMZs5DPT8hjyFOQgO5BPU/VhnkjqV0Q==",
			"requires": {
				"@sweet-monads/interfaces": "^3.1.0"
			}
		},
		"alpha-errors": {
			"version": "0.4.0",
			"resolved": "https://registry.npmjs.org/alpha-errors/-/alpha-errors-0.4.0.tgz",
			"integrity": "sha512-5wPqDzK6AuSVFWIy5wI8UQDziDiSX/LIOf50kvwJUseiXGAL7d3bTlgwQokC8BF0l8OiwKHCeQjj4CQf1EfUAQ==",
			"requires": {
				"@pallad/builder": "^1.0.1"
			}
		},
		"array-find": {
			"version": "1.0.0",
			"resolved": "https://registry.npmjs.org/array-find/-/array-find-1.0.0.tgz",
			"integrity": "sha512-kO/vVCacW9mnpn3WPWbTVlEnOabK2L7LWi2HViURtCM46y1zb6I8UMjx4LgbiqadTgHnLInUronwn3ampNTJtQ=="
		},
		"predicates": {
			"version": "2.0.3",
			"resolved": "https://registry.npmjs.org/predicates/-/predicates-2.0.3.tgz",
			"integrity": "sha512-eL+bhIiWrD+kx/olyYBcAFn258Oo9MTB7iehgBIaflVS8DBLuVtQvOpwgWwlya6YFUIiKaVoA3HaBNJuVNcyIA==",
			"requires": {
				"array-find": "^1.0.0"
			}
		},
		"tslib": {
			"version": "2.4.1",
			"resolved": "https://registry.npmjs.org/tslib/-/tslib-2.4.1.tgz",
			"integrity": "sha512-tGyy4dAjRIEwI7BzsB0lynWgOpfqjUdq91XXAlIWD2OwKBH7oCl/GZG/HT4BOHrTlPMOASlMQ7veyTqpmRcrNA=="
		},
		"yn": {
			"version": "4.0.0",
			"resolved": "https://registry.npmjs.org/yn/-/yn-4.0.0.tgz",
			"integrity": "sha512-huWiiCS4TxKc4SfgmTwW1K7JmXPPAmuXWYy4j9qjQo4+27Kni8mGhAAi1cloRWmBe2EqcLgt3IGqQoRL/MtPgg=="
		}
	}
}
